
Microsoft Visual Studio Solution File, Format Version 12.00
# Visual Studio Version 16
VisualStudioVersion = 16.0.32901.82
MinimumVisualStudioVersion = 10.0.40219.1
Project("{FAE04EC0-301F-11D3-BF4B-00C04F79EFBC}") = "Prakt__6", "Prakt__6\Prakt__6.csproj", "{9DD14069-4618-4736-AB1A-653F78B7793D}"
EndProject
Project("{FAE04EC0-301F-11D3-BF4B-00C04F79EFBC}") = "Zad_2", "Zad_2\Zad_2.csproj", "{7EABCFBC-6A1D-413F-B08F-9F6D7699D744}"
EndProject
Project("{FAE04EC0-301F-11D3-BF4B-00C04F79EFBC}") = "ZAD3", "ZAD3\ZAD3.csproj", "{11CA114D-5383-4141-A954-432E76C55DDB}"
EndProject
Project("{FAE04EC0-301F-11D3-BF4B-00C04F79EFBC}") = "ZAD4", "ZAD4\ZAD4.csproj", "{D6C7CEC1-CE15-473E-B20A-FDDCAA134BEE}"
EndProject
Global
	GlobalSection(SolutionConfigurationPlatforms) = preSolution
		Debug|Any CPU = Debug|Any CPU
		Release|Any CPU = Release|Any CPU
	EndGlobalSection
	GlobalSection(ProjectConfigurationPlatforms) = postSolution
		{9DD14069-4618-4736-AB1A-653F78B7793D}.Debug|Any CPU.ActiveCfg = Debug|Any CPU
		{9DD14069-4618-4736-AB1A-653F78B7793D}.Debug|Any CPU.Build.0 = Debug|Any CPU
		{9DD14069-4618-4736-AB1A-653F78B7793D}.Release|Any CPU.ActiveCfg = Release|Any CPU
		{9DD14069-4618-4736-AB1A-653F78B7793D}.Release|Any CPU.Build.0 = Release|Any CPU
		{7EABCFBC-6A1D-413F-B08F-9F6D7699D744}.Debug|Any CPU.ActiveCfg = Debug|Any CPU
		{7EABCFBC-6A1D-413F-B08F-9F6D7699D744}.Debug|Any CPU.Build.0 = Debug|Any CPU
		{7EABCFBC-6A1D-413F-B08F-9F6D7699D744}.Release|Any CPU.ActiveCfg = Release|Any CPU
		{7EABCFBC-6A1D-413F-B08F-9F6D7699D744}.Release|Any CPU.Build.0 = Release|Any CPU
		{11CA114D-5383-4141-A954-432E76C55DDB}.Debug|Any CPU.ActiveCfg = Debug|Any CPU
		{11CA114D-5383-4141-A954-432E76C55DDB}.Debug|Any CPU.Build.0 = Debug|Any CPU
		{11CA114D-5383-4141-A954-432E76C55DDB}.Release|Any CPU.ActiveCfg = Release|Any CPU
		{11CA114D-5383-4141-A954-432E76C55DDB}.Release|Any CPU.Build.0 = Release|Any CPU
		{D6C7CEC1-CE15-473E-B20A-FDDCAA134BEE}.Debug|Any CPU.ActiveCfg = Debug|Any CPU
		{D6C7CEC1-CE15-473E-B20A-FDDCAA134BEE}.Debug|Any CPU.Build.0 = Debug|Any CPU
		{D6C7CEC1-CE15-473E-B20A-FDDCAA134BEE}.Release|Any CPU.ActiveCfg = Release|Any CPU
		{D6C7CEC1-CE15-473E-B20A-FDDCAA134BEE}.Release|Any CPU.Build.0 = Release|Any CPU
	EndGlobalSection
	GlobalSection(SolutionProperties) = preSolution
		HideSolutionNode = FALSE
	EndGlobalSection
	GlobalSection(ExtensibilityGlobals) = postSolution
		SolutionGuid = {35B431FB-CD72-4D92-BE5E-3ABA417A82C4}
	EndGlobalSection
EndGlobal
